// !$*UTF8*$!
{
	archiveVersion = 1;
	classes = {
	};
	objectVersion = 56;
	objects = {

/* Begin PBXBuildFile section */
		4F339F8D296A9AD3005656B7 /* AppDelegate.swift in Sources */ = {isa = PBXBuildFile; fileRef = 4F339F8C296A9AD3005656B7 /* AppDelegate.swift */; };
		4F339F8F296A9AD3005656B7 /* SceneDelegate.swift in Sources */ = {isa = PBXBuildFile; fileRef = 4F339F8E296A9AD3005656B7 /* SceneDelegate.swift */; };
		4F339F91296A9AD3005656B7 /* LoginViewController.swift in Sources */ = {isa = PBXBuildFile; fileRef = 4F339F90296A9AD3005656B7 /* LoginViewController.swift */; };
		4F339F94296A9AD3005656B7 /* Main.storyboard in Resources */ = {isa = PBXBuildFile; fileRef = 4F339F92296A9AD3005656B7 /* Main.storyboard */; };
		4F339F96296A9AD4005656B7 /* Assets.xcassets in Resources */ = {isa = PBXBuildFile; fileRef = 4F339F95296A9AD4005656B7 /* Assets.xcassets */; };
		4F339F99296A9AD4005656B7 /* LaunchScreen.storyboard in Resources */ = {isa = PBXBuildFile; fileRef = 4F339F97296A9AD4005656B7 /* LaunchScreen.storyboard */; };
		4F339FA4296A9AD4005656B7 /* GroceryTests.swift in Sources */ = {isa = PBXBuildFile; fileRef = 4F339FA3296A9AD4005656B7 /* GroceryTests.swift */; };
		4F339FAE296A9AD4005656B7 /* GroceryUITests.swift in Sources */ = {isa = PBXBuildFile; fileRef = 4F339FAD296A9AD4005656B7 /* GroceryUITests.swift */; };
		4F339FB0296A9AD4005656B7 /* GroceryUITestsLaunchTests.swift in Sources */ = {isa = PBXBuildFile; fileRef = 4F339FAF296A9AD4005656B7 /* GroceryUITestsLaunchTests.swift */; };
		4F339FBD296AACA7005656B7 /* GoogleService-Info.plist in Resources */ = {isa = PBXBuildFile; fileRef = 4F339FBC296AACA7005656B7 /* GoogleService-Info.plist */; };
		4F339FC0296AAD80005656B7 /* FirebaseAnalytics in Frameworks */ = {isa = PBXBuildFile; productRef = 4F339FBF296AAD80005656B7 /* FirebaseAnalytics */; };
		4F339FC2296AAD80005656B7 /* FirebaseAnalyticsOnDeviceConversion in Frameworks */ = {isa = PBXBuildFile; productRef = 4F339FC1296AAD80005656B7 /* FirebaseAnalyticsOnDeviceConversion */; };
		4F339FC4296AAD80005656B7 /* FirebaseAnalyticsSwift in Frameworks */ = {isa = PBXBuildFile; productRef = 4F339FC3296AAD80005656B7 /* FirebaseAnalyticsSwift */; };
		4F339FC6296AAD80005656B7 /* FirebaseAnalyticsWithoutAdIdSupport in Frameworks */ = {isa = PBXBuildFile; productRef = 4F339FC5296AAD80005656B7 /* FirebaseAnalyticsWithoutAdIdSupport */; };
		4F339FC8296AAD80005656B7 /* FirebaseAppCheck in Frameworks */ = {isa = PBXBuildFile; productRef = 4F339FC7296AAD80005656B7 /* FirebaseAppCheck */; };
		4F339FCA296AAD80005656B7 /* FirebaseAppDistribution-Beta in Frameworks */ = {isa = PBXBuildFile; productRef = 4F339FC9296AAD80005656B7 /* FirebaseAppDistribution-Beta */; };
		4F339FCC296AAD80005656B7 /* FirebaseAuth in Frameworks */ = {isa = PBXBuildFile; productRef = 4F339FCB296AAD80005656B7 /* FirebaseAuth */; };
		4F339FCE296AAD80005656B7 /* FirebaseAuthCombine-Community in Frameworks */ = {isa = PBXBuildFile; productRef = 4F339FCD296AAD80005656B7 /* FirebaseAuthCombine-Community */; };
		4F339FD0296AAD80005656B7 /* FirebaseCrashlytics in Frameworks */ = {isa = PBXBuildFile; productRef = 4F339FCF296AAD80005656B7 /* FirebaseCrashlytics */; };
		4F339FD2296AAD80005656B7 /* FirebaseDatabase in Frameworks */ = {isa = PBXBuildFile; productRef = 4F339FD1296AAD80005656B7 /* FirebaseDatabase */; };
		4F339FD4296AAD80005656B7 /* FirebaseDatabaseSwift in Frameworks */ = {isa = PBXBuildFile; productRef = 4F339FD3296AAD80005656B7 /* FirebaseDatabaseSwift */; };
		4F339FD6296AAD80005656B7 /* FirebaseDynamicLinks in Frameworks */ = {isa = PBXBuildFile; productRef = 4F339FD5296AAD80005656B7 /* FirebaseDynamicLinks */; };
		4F339FD8296AAD80005656B7 /* FirebaseFirestore in Frameworks */ = {isa = PBXBuildFile; productRef = 4F339FD7296AAD80005656B7 /* FirebaseFirestore */; };
		4F339FDA296AAD80005656B7 /* FirebaseFirestoreCombine-Community in Frameworks */ = {isa = PBXBuildFile; productRef = 4F339FD9296AAD80005656B7 /* FirebaseFirestoreCombine-Community */; };
		4F339FDC296AAD80005656B7 /* FirebaseFirestoreSwift in Frameworks */ = {isa = PBXBuildFile; productRef = 4F339FDB296AAD80005656B7 /* FirebaseFirestoreSwift */; };
		4F339FDE296AAD80005656B7 /* FirebaseFunctions in Frameworks */ = {isa = PBXBuildFile; productRef = 4F339FDD296AAD80005656B7 /* FirebaseFunctions */; };
		4F339FE0296AAD80005656B7 /* FirebaseFunctionsCombine-Community in Frameworks */ = {isa = PBXBuildFile; productRef = 4F339FDF296AAD80005656B7 /* FirebaseFunctionsCombine-Community */; };
		4F339FE2296AAD80005656B7 /* FirebaseInAppMessaging-Beta in Frameworks */ = {isa = PBXBuildFile; productRef = 4F339FE1296AAD80005656B7 /* FirebaseInAppMessaging-Beta */; };
		4F339FE4296AAD80005656B7 /* FirebaseInAppMessagingSwift-Beta in Frameworks */ = {isa = PBXBuildFile; productRef = 4F339FE3296AAD80005656B7 /* FirebaseInAppMessagingSwift-Beta */; };
		4F339FE6296AAD80005656B7 /* FirebaseInstallations in Frameworks */ = {isa = PBXBuildFile; productRef = 4F339FE5296AAD80005656B7 /* FirebaseInstallations */; };
		4F339FE8296AAD80005656B7 /* FirebaseMLModelDownloader in Frameworks */ = {isa = PBXBuildFile; productRef = 4F339FE7296AAD80005656B7 /* FirebaseMLModelDownloader */; };
		4F339FEA296AAD80005656B7 /* FirebaseMessaging in Frameworks */ = {isa = PBXBuildFile; productRef = 4F339FE9296AAD80005656B7 /* FirebaseMessaging */; };
		4F339FEC296AAD80005656B7 /* FirebasePerformance in Frameworks */ = {isa = PBXBuildFile; productRef = 4F339FEB296AAD80005656B7 /* FirebasePerformance */; };
		4F339FEE296AAD80005656B7 /* FirebaseRemoteConfig in Frameworks */ = {isa = PBXBuildFile; productRef = 4F339FED296AAD80005656B7 /* FirebaseRemoteConfig */; };
		4F339FF0296AAD80005656B7 /* FirebaseRemoteConfigSwift in Frameworks */ = {isa = PBXBuildFile; productRef = 4F339FEF296AAD80005656B7 /* FirebaseRemoteConfigSwift */; };
		4F339FF2296AAD80005656B7 /* FirebaseStorage in Frameworks */ = {isa = PBXBuildFile; productRef = 4F339FF1296AAD80005656B7 /* FirebaseStorage */; };
		4F339FF4296AAD80005656B7 /* FirebaseStorageCombine-Community in Frameworks */ = {isa = PBXBuildFile; productRef = 4F339FF3296AAD80005656B7 /* FirebaseStorageCombine-Community */; };
		4F339FF8296AD3C1005656B7 /* DatabaseManager.swift in Sources */ = {isa = PBXBuildFile; fileRef = 4F339FF7296AD3C1005656B7 /* DatabaseManager.swift */; };
		4F339FFA296ADAB7005656B7 /* GroceryViewController.swift in Sources */ = {isa = PBXBuildFile; fileRef = 4F339FF9296ADAB7005656B7 /* GroceryViewController.swift */; };
		4F339FFC296AE3DA005656B7 /* OnlineViewController.swift in Sources */ = {isa = PBXBuildFile; fileRef = 4F339FFB296AE3DA005656B7 /* OnlineViewController.swift */; };
/* End PBXBuildFile section */

/* Begin PBXContainerItemProxy section */
		4F339FA0296A9AD4005656B7 /* PBXContainerItemProxy */ = {
			isa = PBXContainerItemProxy;
			containerPortal = 4F339F81296A9AD3005656B7 /* Project object */;
			proxyType = 1;
			remoteGlobalIDString = 4F339F88296A9AD3005656B7;
			remoteInfo = Grocery;
		};
		4F339FAA296A9AD4005656B7 /* PBXContainerItemProxy */ = {
			isa = PBXContainerItemProxy;
			containerPortal = 4F339F81296A9AD3005656B7 /* Project object */;
			proxyType = 1;
			remoteGlobalIDString = 4F339F88296A9AD3005656B7;
			remoteInfo = Grocery;
		};
/* End PBXContainerItemProxy section */

/* Begin PBXFileReference section */
		4F339F89296A9AD3005656B7 /* Grocery.app */ = {isa = PBXFileReference; explicitFileType = wrapper.application; includeInIndex = 0; path = Grocery.app; sourceTree = BUILT_PRODUCTS_DIR; };
		4F339F8C296A9AD3005656B7 /* AppDelegate.swift */ = {isa = PBXFileReference; lastKnownFileType = sourcecode.swift; path = AppDelegate.swift; sourceTree = "<group>"; };
		4F339F8E296A9AD3005656B7 /* SceneDelegate.swift */ = {isa = PBXFileReference; lastKnownFileType = sourcecode.swift; path = SceneDelegate.swift; sourceTree = "<group>"; };
		4F339F90296A9AD3005656B7 /* LoginViewController.swift */ = {isa = PBXFileReference; lastKnownFileType = sourcecode.swift; path = LoginViewController.swift; sourceTree = "<group>"; };
		4F339F93296A9AD3005656B7 /* Base */ = {isa = PBXFileReference; lastKnownFileType = file.storyboard; name = Base; path = Base.lproj/Main.storyboard; sourceTree = "<group>"; };
		4F339F95296A9AD4005656B7 /* Assets.xcassets */ = {isa = PBXFileReference; lastKnownFileType = folder.assetcatalog; path = Assets.xcassets; sourceTree = "<group>"; };
		4F339F98296A9AD4005656B7 /* Base */ = {isa = PBXFileReference; lastKnownFileType = file.storyboard; name = Base; path = Base.lproj/LaunchScreen.storyboard; sourceTree = "<group>"; };
		4F339F9A296A9AD4005656B7 /* Info.plist */ = {isa = PBXFileReference; lastKnownFileType = text.plist.xml; path = Info.plist; sourceTree = "<group>"; };
		4F339F9F296A9AD4005656B7 /* GroceryTests.xctest */ = {isa = PBXFileReference; explicitFileType = wrapper.cfbundle; includeInIndex = 0; path = GroceryTests.xctest; sourceTree = BUILT_PRODUCTS_DIR; };
		4F339FA3296A9AD4005656B7 /* GroceryTests.swift */ = {isa = PBXFileReference; lastKnownFileType = sourcecode.swift; path = GroceryTests.swift; sourceTree = "<group>"; };
		4F339FA9296A9AD4005656B7 /* GroceryUITests.xctest */ = {isa = PBXFileReference; explicitFileType = wrapper.cfbundle; includeInIndex = 0; path = GroceryUITests.xctest; sourceTree = BUILT_PRODUCTS_DIR; };
		4F339FAD296A9AD4005656B7 /* GroceryUITests.swift */ = {isa = PBXFileReference; lastKnownFileType = sourcecode.swift; path = GroceryUITests.swift; sourceTree = "<group>"; };
		4F339FAF296A9AD4005656B7 /* GroceryUITestsLaunchTests.swift */ = {isa = PBXFileReference; lastKnownFileType = sourcecode.swift; path = GroceryUITestsLaunchTests.swift; sourceTree = "<group>"; };
		4F339FBC296AACA7005656B7 /* GoogleService-Info.plist */ = {isa = PBXFileReference; fileEncoding = 4; lastKnownFileType = text.plist.xml; path = "GoogleService-Info.plist"; sourceTree = "<group>"; };
		4F339FF7296AD3C1005656B7 /* DatabaseManager.swift */ = {isa = PBXFileReference; lastKnownFileType = sourcecode.swift; path = DatabaseManager.swift; sourceTree = "<group>"; };
		4F339FF9296ADAB7005656B7 /* GroceryViewController.swift */ = {isa = PBXFileReference; lastKnownFileType = sourcecode.swift; path = GroceryViewController.swift; sourceTree = "<group>"; };
		4F339FFB296AE3DA005656B7 /* OnlineViewController.swift */ = {isa = PBXFileReference; lastKnownFileType = sourcecode.swift; path = OnlineViewController.swift; sourceTree = "<group>"; };
/* End PBXFileReference section */

/* Begin PBXFrameworksBuildPhase section */
		4F339F86296A9AD3005656B7 /* Frameworks */ = {
			isa = PBXFrameworksBuildPhase;
			buildActionMask = 2147483647;
			files = (
				4F339FD2296AAD80005656B7 /* FirebaseDatabase in Frameworks */,
				4F339FE0296AAD80005656B7 /* FirebaseFunctionsCombine-Community in Frameworks */,
				4F339FD8296AAD80005656B7 /* FirebaseFirestore in Frameworks */,
				4F339FC4296AAD80005656B7 /* FirebaseAnalyticsSwift in Frameworks */,
				4F339FC0296AAD80005656B7 /* FirebaseAnalytics in Frameworks */,
				4F339FC2296AAD80005656B7 /* FirebaseAnalyticsOnDeviceConversion in Frameworks */,
				4F339FE8296AAD80005656B7 /* FirebaseMLModelDownloader in Frameworks */,
				4F339FDC296AAD80005656B7 /* FirebaseFirestoreSwift in Frameworks */,
				4F339FC8296AAD80005656B7 /* FirebaseAppCheck in Frameworks */,
				4F339FC6296AAD80005656B7 /* FirebaseAnalyticsWithoutAdIdSupport in Frameworks */,
				4F339FCC296AAD80005656B7 /* FirebaseAuth in Frameworks */,
				4F339FD0296AAD80005656B7 /* FirebaseCrashlytics in Frameworks */,
				4F339FF0296AAD80005656B7 /* FirebaseRemoteConfigSwift in Frameworks */,
				4F339FE2296AAD80005656B7 /* FirebaseInAppMessaging-Beta in Frameworks */,
				4F339FD4296AAD80005656B7 /* FirebaseDatabaseSwift in Frameworks */,
				4F339FDE296AAD80005656B7 /* FirebaseFunctions in Frameworks */,
				4F339FF4296AAD80005656B7 /* FirebaseStorageCombine-Community in Frameworks */,
				4F339FEE296AAD80005656B7 /* FirebaseRemoteConfig in Frameworks */,
				4F339FCA296AAD80005656B7 /* FirebaseAppDistribution-Beta in Frameworks */,
				4F339FCE296AAD80005656B7 /* FirebaseAuthCombine-Community in Frameworks */,
				4F339FEC296AAD80005656B7 /* FirebasePerformance in Frameworks */,
				4F339FE4296AAD80005656B7 /* FirebaseInAppMessagingSwift-Beta in Frameworks */,
				4F339FF2296AAD80005656B7 /* FirebaseStorage in Frameworks */,
				4F339FD6296AAD80005656B7 /* FirebaseDynamicLinks in Frameworks */,
				4F339FDA296AAD80005656B7 /* FirebaseFirestoreCombine-Community in Frameworks */,
				4F339FEA296AAD80005656B7 /* FirebaseMessaging in Frameworks */,
				4F339FE6296AAD80005656B7 /* FirebaseInstallations in Frameworks */,
			);
			runOnlyForDeploymentPostprocessing = 0;
		};
		4F339F9C296A9AD4005656B7 /* Frameworks */ = {
			isa = PBXFrameworksBuildPhase;
			buildActionMask = 2147483647;
			files = (
			);
			runOnlyForDeploymentPostprocessing = 0;
		};
		4F339FA6296A9AD4005656B7 /* Frameworks */ = {
			isa = PBXFrameworksBuildPhase;
			buildActionMask = 2147483647;
			files = (
			);
			runOnlyForDeploymentPostprocessing = 0;
		};
/* End PBXFrameworksBuildPhase section */

/* Begin PBXGroup section */
		4F339F80296A9AD3005656B7 = {
			isa = PBXGroup;
			children = (
				4F339F8B296A9AD3005656B7 /* Grocery */,
				4F339FA2296A9AD4005656B7 /* GroceryTests */,
				4F339FAC296A9AD4005656B7 /* GroceryUITests */,
				4F339F8A296A9AD3005656B7 /* Products */,
			);
			sourceTree = "<group>";
		};
		4F339F8A296A9AD3005656B7 /* Products */ = {
			isa = PBXGroup;
			children = (
				4F339F89296A9AD3005656B7 /* Grocery.app */,
				4F339F9F296A9AD4005656B7 /* GroceryTests.xctest */,
				4F339FA9296A9AD4005656B7 /* GroceryUITests.xctest */,
			);
			name = Products;
			sourceTree = "<group>";
		};
		4F339F8B296A9AD3005656B7 /* Grocery */ = {
			isa = PBXGroup;
			children = (
				4F339FBC296AACA7005656B7 /* GoogleService-Info.plist */,
				4F339FF5296AD1EC005656B7 /* Controller */,
				4F339FF6296AD22A005656B7 /* Resources */,
				4F339F92296A9AD3005656B7 /* Main.storyboard */,
				4F339F95296A9AD4005656B7 /* Assets.xcassets */,
				4F339F97296A9AD4005656B7 /* LaunchScreen.storyboard */,
				4F339F9A296A9AD4005656B7 /* Info.plist */,
			);
			path = Grocery;
			sourceTree = "<group>";
		};
		4F339FA2296A9AD4005656B7 /* GroceryTests */ = {
			isa = PBXGroup;
			children = (
				4F339FA3296A9AD4005656B7 /* GroceryTests.swift */,
			);
			path = GroceryTests;
			sourceTree = "<group>";
		};
		4F339FAC296A9AD4005656B7 /* GroceryUITests */ = {
			isa = PBXGroup;
			children = (
				4F339FAD296A9AD4005656B7 /* GroceryUITests.swift */,
				4F339FAF296A9AD4005656B7 /* GroceryUITestsLaunchTests.swift */,
			);
			path = GroceryUITests;
			sourceTree = "<group>";
		};
		4F339FF5296AD1EC005656B7 /* Controller */ = {
			isa = PBXGroup;
			children = (
				4F339F90296A9AD3005656B7 /* LoginViewController.swift */,
				4F339FF9296ADAB7005656B7 /* GroceryViewController.swift */,
				4F339FFB296AE3DA005656B7 /* OnlineViewController.swift */,
			);
			path = Controller;
			sourceTree = "<group>";
		};
		4F339FF6296AD22A005656B7 /* Resources */ = {
			isa = PBXGroup;
			children = (
				4F339F8C296A9AD3005656B7 /* AppDelegate.swift */,
				4F339F8E296A9AD3005656B7 /* SceneDelegate.swift */,
				4F339FF7296AD3C1005656B7 /* DatabaseManager.swift */,
			);
			path = Resources;
			sourceTree = "<group>";
		};
/* End PBXGroup section */

/* Begin PBXNativeTarget section */
		4F339F88296A9AD3005656B7 /* Grocery */ = {
			isa = PBXNativeTarget;
			buildConfigurationList = 4F339FB3296A9AD4005656B7 /* Build configuration list for PBXNativeTarget "Grocery" */;
			buildPhases = (
				4F339F85296A9AD3005656B7 /* Sources */,
				4F339F86296A9AD3005656B7 /* Frameworks */,
				4F339F87296A9AD3005656B7 /* Resources */,
			);
			buildRules = (
			);
			dependencies = (
			);
			name = Grocery;
			packageProductDependencies = (
				4F339FBF296AAD80005656B7 /* FirebaseAnalytics */,
				4F339FC1296AAD80005656B7 /* FirebaseAnalyticsOnDeviceConversion */,
				4F339FC3296AAD80005656B7 /* FirebaseAnalyticsSwift */,
				4F339FC5296AAD80005656B7 /* FirebaseAnalyticsWithoutAdIdSupport */,
				4F339FC7296AAD80005656B7 /* FirebaseAppCheck */,
				4F339FC9296AAD80005656B7 /* FirebaseAppDistribution-Beta */,
				4F339FCB296AAD80005656B7 /* FirebaseAuth */,
				4F339FCD296AAD80005656B7 /* FirebaseAuthCombine-Community */,
				4F339FCF296AAD80005656B7 /* FirebaseCrashlytics */,
				4F339FD1296AAD80005656B7 /* FirebaseDatabase */,
				4F339FD3296AAD80005656B7 /* FirebaseDatabaseSwift */,
				4F339FD5296AAD80005656B7 /* FirebaseDynamicLinks */,
				4F339FD7296AAD80005656B7 /* FirebaseFirestore */,
				4F339FD9296AAD80005656B7 /* FirebaseFirestoreCombine-Community */,
				4F339FDB296AAD80005656B7 /* FirebaseFirestoreSwift */,
				4F339FDD296AAD80005656B7 /* FirebaseFunctions */,
				4F339FDF296AAD80005656B7 /* FirebaseFunctionsCombine-Community */,
				4F339FE1296AAD80005656B7 /* FirebaseInAppMessaging-Beta */,
				4F339FE3296AAD80005656B7 /* FirebaseInAppMessagingSwift-Beta */,
				4F339FE5296AAD80005656B7 /* FirebaseInstallations */,
				4F339FE7296AAD80005656B7 /* FirebaseMLModelDownloader */,
				4F339FE9296AAD80005656B7 /* FirebaseMessaging */,
				4F339FEB296AAD80005656B7 /* FirebasePerformance */,
				4F339FED296AAD80005656B7 /* FirebaseRemoteConfig */,
				4F339FEF296AAD80005656B7 /* FirebaseRemoteConfigSwift */,
				4F339FF1296AAD80005656B7 /* FirebaseStorage */,
				4F339FF3296AAD80005656B7 /* FirebaseStorageCombine-Community */,
			);
			productName = Grocery;
			productReference = 4F339F89296A9AD3005656B7 /* Grocery.app */;
			productType = "com.apple.product-type.application";
		};
		4F339F9E296A9AD4005656B7 /* GroceryTests */ = {
			isa = PBXNativeTarget;
			buildConfigurationList = 4F339FB6296A9AD4005656B7 /* Build configuration list for PBXNativeTarget "GroceryTests" */;
			buildPhases = (
				4F339F9B296A9AD4005656B7 /* Sources */,
				4F339F9C296A9AD4005656B7 /* Frameworks */,
				4F339F9D296A9AD4005656B7 /* Resources */,
			);
			buildRules = (
			);
			dependencies = (
				4F339FA1296A9AD4005656B7 /* PBXTargetDependency */,
			);
			name = GroceryTests;
			productName = GroceryTests;
			productReference = 4F339F9F296A9AD4005656B7 /* GroceryTests.xctest */;
			productType = "com.apple.product-type.bundle.unit-test";
		};
		4F339FA8296A9AD4005656B7 /* GroceryUITests */ = {
			isa = PBXNativeTarget;
			buildConfigurationList = 4F339FB9296A9AD4005656B7 /* Build configuration list for PBXNativeTarget "GroceryUITests" */;
			buildPhases = (
				4F339FA5296A9AD4005656B7 /* Sources */,
				4F339FA6296A9AD4005656B7 /* Frameworks */,
				4F339FA7296A9AD4005656B7 /* Resources */,
			);
			buildRules = (
			);
			dependencies = (
				4F339FAB296A9AD4005656B7 /* PBXTargetDependency */,
			);
			name = GroceryUITests;
			productName = GroceryUITests;
			productReference = 4F339FA9296A9AD4005656B7 /* GroceryUITests.xctest */;
			productType = "com.apple.product-type.bundle.ui-testing";
		};
/* End PBXNativeTarget section */

/* Begin PBXProject section */
		4F339F81296A9AD3005656B7 /* Project object */ = {
			isa = PBXProject;
			attributes = {
				BuildIndependentTargetsInParallel = 1;
				LastSwiftUpdateCheck = 1420;
				LastUpgradeCheck = 1420;
				TargetAttributes = {
					4F339F88296A9AD3005656B7 = {
						CreatedOnToolsVersion = 14.2;
					};
					4F339F9E296A9AD4005656B7 = {
						CreatedOnToolsVersion = 14.2;
						TestTargetID = 4F339F88296A9AD3005656B7;
					};
					4F339FA8296A9AD4005656B7 = {
						CreatedOnToolsVersion = 14.2;
						TestTargetID = 4F339F88296A9AD3005656B7;
					};
				};
			};
			buildConfigurationList = 4F339F84296A9AD3005656B7 /* Build configuration list for PBXProject "Grocery" */;
			compatibilityVersion = "Xcode 14.0";
			developmentRegion = en;
			hasScannedForEncodings = 0;
			knownRegions = (
				en,
				Base,
			);
			mainGroup = 4F339F80296A9AD3005656B7;
			packageReferences = (
				4F339FBE296AAD80005656B7 /* XCRemoteSwiftPackageReference "firebase-ios-sdk" */,
			);
			productRefGroup = 4F339F8A296A9AD3005656B7 /* Products */;
			projectDirPath = "";
			projectRoot = "";
			targets = (
				4F339F88296A9AD3005656B7 /* Grocery */,
				4F339F9E296A9AD4005656B7 /* GroceryTests */,
				4F339FA8296A9AD4005656B7 /* GroceryUITests */,
			);
		};
/* End PBXProject section */

/* Begin PBXResourcesBuildPhase section */
		4F339F87296A9AD3005656B7 /* Resources */ = {
			isa = PBXResourcesBuildPhase;
			buildActionMask = 2147483647;
			files = (
				4F339F99296A9AD4005656B7 /* LaunchScreen.storyboard in Resources */,
				4F339FBD296AACA7005656B7 /* GoogleService-Info.plist in Resources */,
				4F339F96296A9AD4005656B7 /* Assets.xcassets in Resources */,
				4F339F94296A9AD3005656B7 /* Main.storyboard in Resources */,
			);
			runOnlyForDeploymentPostprocessing = 0;
		};
		4F339F9D296A9AD4005656B7 /* Resources */ = {
			isa = PBXResourcesBuildPhase;
			buildActionMask = 2147483647;
			files = (
			);
			runOnlyForDeploymentPostprocessing = 0;
		};
		4F339FA7296A9AD4005656B7 /* Resources */ = {
			isa = PBXResourcesBuildPhase;
			buildActionMask = 2147483647;
			files = (
			);
			runOnlyForDeploymentPostprocessing = 0;
		};
/* End PBXResourcesBuildPhase section */

/* Begin PBXSourcesBuildPhase section */
		4F339F85296A9AD3005656B7 /* Sources */ = {
			isa = PBXSourcesBuildPhase;
			buildActionMask = 2147483647;
			files = (
				4F339FF8296AD3C1005656B7 /* DatabaseManager.swift in Sources */,
				4F339F91296A9AD3005656B7 /* LoginViewController.swift in Sources */,
				4F339FFA296ADAB7005656B7 /* GroceryViewController.swift in Sources */,
				4F339FFC296AE3DA005656B7 /* OnlineViewController.swift in Sources */,
				4F339F8D296A9AD3005656B7 /* AppDelegate.swift in Sources */,
				4F339F8F296A9AD3005656B7 /* SceneDelegate.swift in Sources */,
			);
			runOnlyForDeploymentPostprocessing = 0;
		};
		4F339F9B296A9AD4005656B7 /* Sources */ = {
			isa = PBXSourcesBuildPhase;
			buildActionMask = 2147483647;
			files = (
				4F339FA4296A9AD4005656B7 /* GroceryTests.swift in Sources */,
			);
			runOnlyForDeploymentPostprocessing = 0;
		};
		4F339FA5296A9AD4005656B7 /* Sources */ = {
			isa = PBXSourcesBuildPhase;
			buildActionMask = 2147483647;
			files = (
				4F339FB0296A9AD4005656B7 /* GroceryUITestsLaunchTests.swift in Sources */,
				4F339FAE296A9AD4005656B7 /* GroceryUITests.swift in Sources */,
			);
			runOnlyForDeploymentPostprocessing = 0;
		};
/* End PBXSourcesBuildPhase section */

/* Begin PBXTargetDependency section */
		4F339FA1296A9AD4005656B7 /* PBXTargetDependency */ = {
			isa = PBXTargetDependency;
			target = 4F339F88296A9AD3005656B7 /* Grocery */;
			targetProxy = 4F339FA0296A9AD4005656B7 /* PBXContainerItemProxy */;
		};
		4F339FAB296A9AD4005656B7 /* PBXTargetDependency */ = {
			isa = PBXTargetDependency;
			target = 4F339F88296A9AD3005656B7 /* Grocery */;
			targetProxy = 4F339FAA296A9AD4005656B7 /* PBXContainerItemProxy */;
		};
/* End PBXTargetDependency section */

/* Begin PBXVariantGroup section */
		4F339F92296A9AD3005656B7 /* Main.storyboard */ = {
			isa = PBXVariantGroup;
			children = (
				4F339F93296A9AD3005656B7 /* Base */,
			);
			name = Main.storyboard;
			sourceTree = "<group>";
		};
		4F339F97296A9AD4005656B7 /* LaunchScreen.storyboard */ = {
			isa = PBXVariantGroup;
			children = (
				4F339F98296A9AD4005656B7 /* Base */,
			);
			name = LaunchScreen.storyboard;
			sourceTree = "<group>";
		};
/* End PBXVariantGroup section */

/* Begin XCBuildConfiguration section */
		4F339FB1296A9AD4005656B7 /* Debug */ = {
			isa = XCBuildConfiguration;
			buildSettings = {
				ALWAYS_SEARCH_USER_PATHS = NO;
				CLANG_ANALYZER_NONNULL = YES;
				CLANG_ANALYZER_NUMBER_OBJECT_CONVERSION = YES_AGGRESSIVE;
				CLANG_CXX_LANGUAGE_STANDARD = "gnu++20";
				CLANG_ENABLE_MODULES = YES;
				CLANG_ENABLE_OBJC_ARC = YES;
				CLANG_ENABLE_OBJC_WEAK = YES;
				CLANG_WARN_BLOCK_CAPTURE_AUTORELEASING = YES;
				CLANG_WARN_BOOL_CONVERSION = YES;
				CLANG_WARN_COMMA = YES;
				CLANG_WARN_CONSTANT_CONVERSION = YES;
				CLANG_WARN_DEPRECATED_OBJC_IMPLEMENTATIONS = YES;
				CLANG_WARN_DIRECT_OBJC_ISA_USAGE = YES_ERROR;
				CLANG_WARN_DOCUMENTATION_COMMENTS = YES;
				CLANG_WARN_EMPTY_BODY = YES;
				CLANG_WARN_ENUM_CONVERSION = YES;
				CLANG_WARN_INFINITE_RECURSION = YES;
				CLANG_WARN_INT_CONVERSION = YES;
				CLANG_WARN_NON_LITERAL_NULL_CONVERSION = YES;
				CLANG_WARN_OBJC_IMPLICIT_RETAIN_SELF = YES;
				CLANG_WARN_OBJC_LITERAL_CONVERSION = YES;
				CLANG_WARN_OBJC_ROOT_CLASS = YES_ERROR;
				CLANG_WARN_QUOTED_INCLUDE_IN_FRAMEWORK_HEADER = YES;
				CLANG_WARN_RANGE_LOOP_ANALYSIS = YES;
				CLANG_WARN_STRICT_PROTOTYPES = YES;
				CLANG_WARN_SUSPICIOUS_MOVE = YES;
				CLANG_WARN_UNGUARDED_AVAILABILITY = YES_AGGRESSIVE;
				CLANG_WARN_UNREACHABLE_CODE = YES;
				CLANG_WARN__DUPLICATE_METHOD_MATCH = YES;
				COPY_PHASE_STRIP = NO;
				DEBUG_INFORMATION_FORMAT = dwarf;
				ENABLE_STRICT_OBJC_MSGSEND = YES;
				ENABLE_TESTABILITY = YES;
				GCC_C_LANGUAGE_STANDARD = gnu11;
				GCC_DYNAMIC_NO_PIC = NO;
				GCC_NO_COMMON_BLOCKS = YES;
				GCC_OPTIMIZATION_LEVEL = 0;
				GCC_PREPROCESSOR_DEFINITIONS = (
					"DEBUG=1",
					"$(inherited)",
				);
				GCC_WARN_64_TO_32_BIT_CONVERSION = YES;
				GCC_WARN_ABOUT_RETURN_TYPE = YES_ERROR;
				GCC_WARN_UNDECLARED_SELECTOR = YES;
				GCC_WARN_UNINITIALIZED_AUTOS = YES_AGGRESSIVE;
				GCC_WARN_UNUSED_FUNCTION = YES;
				GCC_WARN_UNUSED_VARIABLE = YES;
				IPHONEOS_DEPLOYMENT_TARGET = 16.2;
				MTL_ENABLE_DEBUG_INFO = INCLUDE_SOURCE;
				MTL_FAST_MATH = YES;
				ONLY_ACTIVE_ARCH = YES;
				SDKROOT = iphoneos;
				SWIFT_ACTIVE_COMPILATION_CONDITIONS = DEBUG;
				SWIFT_OPTIMIZATION_LEVEL = "-Onone";
			};
			name = Debug;
		};
		4F339FB2296A9AD4005656B7 /* Release */ = {
			isa = XCBuildConfiguration;
			buildSettings = {
				ALWAYS_SEARCH_USER_PATHS = NO;
				CLANG_ANALYZER_NONNULL = YES;
				CLANG_ANALYZER_NUMBER_OBJECT_CONVERSION = YES_AGGRESSIVE;
				CLANG_CXX_LANGUAGE_STANDARD = "gnu++20";
				CLANG_ENABLE_MODULES = YES;
				CLANG_ENABLE_OBJC_ARC = YES;
				CLANG_ENABLE_OBJC_WEAK = YES;
				CLANG_WARN_BLOCK_CAPTURE_AUTORELEASING = YES;
				CLANG_WARN_BOOL_CONVERSION = YES;
				CLANG_WARN_COMMA = YES;
				CLANG_WARN_CONSTANT_CONVERSION = YES;
				CLANG_WARN_DEPRECATED_OBJC_IMPLEMENTATIONS = YES;
				CLANG_WARN_DIRECT_OBJC_ISA_USAGE = YES_ERROR;
				CLANG_WARN_DOCUMENTATION_COMMENTS = YES;
				CLANG_WARN_EMPTY_BODY = YES;
				CLANG_WARN_ENUM_CONVERSION = YES;
				CLANG_WARN_INFINITE_RECURSION = YES;
				CLANG_WARN_INT_CONVERSION = YES;
				CLANG_WARN_NON_LITERAL_NULL_CONVERSION = YES;
				CLANG_WARN_OBJC_IMPLICIT_RETAIN_SELF = YES;
				CLANG_WARN_OBJC_LITERAL_CONVERSION = YES;
				CLANG_WARN_OBJC_ROOT_CLASS = YES_ERROR;
				CLANG_WARN_QUOTED_INCLUDE_IN_FRAMEWORK_HEADER = YES;
				CLANG_WARN_RANGE_LOOP_ANALYSIS = YES;
				CLANG_WARN_STRICT_PROTOTYPES = YES;
				CLANG_WARN_SUSPICIOUS_MOVE = YES;
				CLANG_WARN_UNGUARDED_AVAILABILITY = YES_AGGRESSIVE;
				CLANG_WARN_UNREACHABLE_CODE = YES;
				CLANG_WARN__DUPLICATE_METHOD_MATCH = YES;
				COPY_PHASE_STRIP = NO;
				DEBUG_INFORMATION_FORMAT = "dwarf-with-dsym";
				ENABLE_NS_ASSERTIONS = NO;
				ENABLE_STRICT_OBJC_MSGSEND = YES;
				GCC_C_LANGUAGE_STANDARD = gnu11;
				GCC_NO_COMMON_BLOCKS = YES;
				GCC_WARN_64_TO_32_BIT_CONVERSION = YES;
				GCC_WARN_ABOUT_RETURN_TYPE = YES_ERROR;
				GCC_WARN_UNDECLARED_SELECTOR = YES;
				GCC_WARN_UNINITIALIZED_AUTOS = YES_AGGRESSIVE;
				GCC_WARN_UNUSED_FUNCTION = YES;
				GCC_WARN_UNUSED_VARIABLE = YES;
				IPHONEOS_DEPLOYMENT_TARGET = 16.2;
				MTL_ENABLE_DEBUG_INFO = NO;
				MTL_FAST_MATH = YES;
				SDKROOT = iphoneos;
				SWIFT_COMPILATION_MODE = wholemodule;
				SWIFT_OPTIMIZATION_LEVEL = "-O";
				VALIDATE_PRODUCT = YES;
			};
			name = Release;
		};
		4F339FB4296A9AD4005656B7 /* Debug */ = {
			isa = XCBuildConfiguration;
			buildSettings = {
				ASSETCATALOG_COMPILER_APPICON_NAME = AppIcon;
				ASSETCATALOG_COMPILER_GLOBAL_ACCENT_COLOR_NAME = AccentColor;
				CODE_SIGN_STYLE = Automatic;
				CURRENT_PROJECT_VERSION = 1;
				GENERATE_INFOPLIST_FILE = YES;
				INFOPLIST_FILE = Grocery/Info.plist;
				INFOPLIST_KEY_UIApplicationSupportsIndirectInputEvents = YES;
				INFOPLIST_KEY_UILaunchStoryboardName = LaunchScreen;
				INFOPLIST_KEY_UIMainStoryboardFile = Main;
				INFOPLIST_KEY_UISupportedInterfaceOrientations_iPad = "UIInterfaceOrientationPortrait UIInterfaceOrientationPortraitUpsideDown UIInterfaceOrientationLandscapeLeft UIInterfaceOrientationLandscapeRight";
				INFOPLIST_KEY_UISupportedInterfaceOrientations_iPhone = "UIInterfaceOrientationPortrait UIInterfaceOrientationLandscapeLeft UIInterfaceOrientationLandscapeRight";
				LD_RUNPATH_SEARCH_PATHS = (
					"$(inherited)",
					"@executable_path/Frameworks",
				);
				MARKETING_VERSION = 1.0;
				PRODUCT_BUNDLE_IDENTIFIER = m.Grocery;
				PRODUCT_NAME = "$(TARGET_NAME)";
				SWIFT_EMIT_LOC_STRINGS = YES;
				SWIFT_VERSION = 5.0;
				TARGETED_DEVICE_FAMILY = "1,2";
			};
			name = Debug;
		};
		4F339FB5296A9AD4005656B7 /* Release */ = {
			isa = XCBuildConfiguration;
			buildSettings = {
				ASSETCATALOG_COMPILER_APPICON_NAME = AppIcon;
				ASSETCATALOG_COMPILER_GLOBAL_ACCENT_COLOR_NAME = AccentColor;
				CODE_SIGN_STYLE = Automatic;
				CURRENT_PROJECT_VERSION = 1;
				GENERATE_INFOPLIST_FILE = YES;
				INFOPLIST_FILE = Grocery/Info.plist;
				INFOPLIST_KEY_UIApplicationSupportsIndirectInputEvents = YES;
				INFOPLIST_KEY_UILaunchStoryboardName = LaunchScreen;
				INFOPLIST_KEY_UIMainStoryboardFile = Main;
				INFOPLIST_KEY_UISupportedInterfaceOrientations_iPad = "UIInterfaceOrientationPortrait UIInterfaceOrientationPortraitUpsideDown UIInterfaceOrientationLandscapeLeft UIInterfaceOrientationLandscapeRight";
				INFOPLIST_KEY_UISupportedInterfaceOrientations_iPhone = "UIInterfaceOrientationPortrait UIInterfaceOrientationLandscapeLeft UIInterfaceOrientationLandscapeRight";
				LD_RUNPATH_SEARCH_PATHS = (
					"$(inherited)",
					"@executable_path/Frameworks",
				);
				MARKETING_VERSION = 1.0;
				PRODUCT_BUNDLE_IDENTIFIER = m.Grocery;
				PRODUCT_NAME = "$(TARGET_NAME)";
				SWIFT_EMIT_LOC_STRINGS = YES;
				SWIFT_VERSION = 5.0;
				TARGETED_DEVICE_FAMILY = "1,2";
			};
			name = Release;
		};
		4F339FB7296A9AD4005656B7 /* Debug */ = {
			isa = XCBuildConfiguration;
			buildSettings = {
				ALWAYS_EMBED_SWIFT_STANDARD_LIBRARIES = YES;
				BUNDLE_LOADER = "$(TEST_HOST)";
				CODE_SIGN_STYLE = Automatic;
				CURRENT_PROJECT_VERSION = 1;
				GENERATE_INFOPLIST_FILE = YES;
				IPHONEOS_DEPLOYMENT_TARGET = 16.2;
				MARKETING_VERSION = 1.0;
				PRODUCT_BUNDLE_IDENTIFIER = m.GroceryTests;
				PRODUCT_NAME = "$(TARGET_NAME)";
				SWIFT_EMIT_LOC_STRINGS = NO;
				SWIFT_VERSION = 5.0;
				TARGETED_DEVICE_FAMILY = "1,2";
				TEST_HOST = "$(BUILT_PRODUCTS_DIR)/Grocery.app/$(BUNDLE_EXECUTABLE_FOLDER_PATH)/Grocery";
			};
			name = Debug;
		};
		4F339FB8296A9AD4005656B7 /* Release */ = {
			isa = XCBuildConfiguration;
			buildSettings = {
				ALWAYS_EMBED_SWIFT_STANDARD_LIBRARIES = YES;
				BUNDLE_LOADER = "$(TEST_HOST)";
				CODE_SIGN_STYLE = Automatic;
				CURRENT_PROJECT_VERSION = 1;
				GENERATE_INFOPLIST_FILE = YES;
				IPHONEOS_DEPLOYMENT_TARGET = 16.2;
				MARKETING_VERSION = 1.0;
				PRODUCT_BUNDLE_IDENTIFIER = m.GroceryTests;
				PRODUCT_NAME = "$(TARGET_NAME)";
				SWIFT_EMIT_LOC_STRINGS = NO;
				SWIFT_VERSION = 5.0;
				TARGETED_DEVICE_FAMILY = "1,2";
				TEST_HOST = "$(BUILT_PRODUCTS_DIR)/Grocery.app/$(BUNDLE_EXECUTABLE_FOLDER_PATH)/Grocery";
			};
			name = Release;
		};
		4F339FBA296A9AD4005656B7 /* Debug */ = {
			isa = XCBuildConfiguration;
			buildSettings = {
				ALWAYS_EMBED_SWIFT_STANDARD_LIBRARIES = YES;
				CODE_SIGN_STYLE = Automatic;
				CURRENT_PROJECT_VERSION = 1;
				GENERATE_INFOPLIST_FILE = YES;
				MARKETING_VERSION = 1.0;
				PRODUCT_BUNDLE_IDENTIFIER = m.GroceryUITests;
				PRODUCT_NAME = "$(TARGET_NAME)";
				SWIFT_EMIT_LOC_STRINGS = NO;
				SWIFT_VERSION = 5.0;
				TARGETED_DEVICE_FAMILY = "1,2";
				TEST_TARGET_NAME = Grocery;
			};
			name = Debug;
		};
		4F339FBB296A9AD4005656B7 /* Release */ = {
			isa = XCBuildConfiguration;
			buildSettings = {
				ALWAYS_EMBED_SWIFT_STANDARD_LIBRARIES = YES;
				CODE_SIGN_STYLE = Automatic;
				CURRENT_PROJECT_VERSION = 1;
				GENERATE_INFOPLIST_FILE = YES;
				MARKETING_VERSION = 1.0;
				PRODUCT_BUNDLE_IDENTIFIER = m.GroceryUITests;
				PRODUCT_NAME = "$(TARGET_NAME)";
				SWIFT_EMIT_LOC_STRINGS = NO;
				SWIFT_VERSION = 5.0;
				TARGETED_DEVICE_FAMILY = "1,2";
				TEST_TARGET_NAME = Grocery;
			};
			name = Release;
		};
/* End XCBuildConfiguration section */

/* Begin XCConfigurationList section */
		4F339F84296A9AD3005656B7 /* Build configuration list for PBXProject "Grocery" */ = {
			isa = XCConfigurationList;
			buildConfigurations = (
				4F339FB1296A9AD4005656B7 /* Debug */,
				4F339FB2296A9AD4005656B7 /* Release */,
			);
			defaultConfigurationIsVisible = 0;
			defaultConfigurationName = Release;
		};
		4F339FB3296A9AD4005656B7 /* Build configuration list for PBXNativeTarget "Grocery" */ = {
			isa = XCConfigurationList;
			buildConfigurations = (
				4F339FB4296A9AD4005656B7 /* Debug */,
				4F339FB5296A9AD4005656B7 /* Release */,
			);
			defaultConfigurationIsVisible = 0;
			defaultConfigurationName = Release;
		};
		4F339FB6296A9AD4005656B7 /* Build configuration list for PBXNativeTarget "GroceryTests" */ = {
			isa = XCConfigurationList;
			buildConfigurations = (
				4F339FB7296A9AD4005656B7 /* Debug */,
				4F339FB8296A9AD4005656B7 /* Release */,
			);
			defaultConfigurationIsVisible = 0;
			defaultConfigurationName = Release;
		};
		4F339FB9296A9AD4005656B7 /* Build configuration list for PBXNativeTarget "GroceryUITests" */ = {
			isa = XCConfigurationList;
			buildConfigurations = (
				4F339FBA296A9AD4005656B7 /* Debug */,
				4F339FBB296A9AD4005656B7 /* Release */,
			);
			defaultConfigurationIsVisible = 0;
			defaultConfigurationName = Release;
		};
/* End XCConfigurationList section */

/* Begin XCRemoteSwiftPackageReference section */
		4F339FBE296AAD80005656B7 /* XCRemoteSwiftPackageReference "firebase-ios-sdk" */ = {
			isa = XCRemoteSwiftPackageReference;
			repositoryURL = "https://github.com/firebase/firebase-ios-sdk";
			requirement = {
				kind = upToNextMajorVersion;
				minimumVersion = 9.0.0;
			};
		};
/* End XCRemoteSwiftPackageReference section */

/* Begin XCSwiftPackageProductDependency section */
		4F339FBF296AAD80005656B7 /* FirebaseAnalytics */ = {
			isa = XCSwiftPackageProductDependency;
			package = 4F339FBE296AAD80005656B7 /* XCRemoteSwiftPackageReference "firebase-ios-sdk" */;
			productName = FirebaseAnalytics;
		};
		4F339FC1296AAD80005656B7 /* FirebaseAnalyticsOnDeviceConversion */ = {
			isa = XCSwiftPackageProductDependency;
			package = 4F339FBE296AAD80005656B7 /* XCRemoteSwiftPackageReference "firebase-ios-sdk" */;
			productName = FirebaseAnalyticsOnDeviceConversion;
		};
		4F339FC3296AAD80005656B7 /* FirebaseAnalyticsSwift */ = {
			isa = XCSwiftPackageProductDependency;
			package = 4F339FBE296AAD80005656B7 /* XCRemoteSwiftPackageReference "firebase-ios-sdk" */;
			productName = FirebaseAnalyticsSwift;
		};
		4F339FC5296AAD80005656B7 /* FirebaseAnalyticsWithoutAdIdSupport */ = {
			isa = XCSwiftPackageProductDependency;
			package = 4F339FBE296AAD80005656B7 /* XCRemoteSwiftPackageReference "firebase-ios-sdk" */;
			productName = FirebaseAnalyticsWithoutAdIdSupport;
		};
		4F339FC7296AAD80005656B7 /* FirebaseAppCheck */ = {
			isa = XCSwiftPackageProductDependency;
			package = 4F339FBE296AAD80005656B7 /* XCRemoteSwiftPackageReference "firebase-ios-sdk" */;
			productName = FirebaseAppCheck;
		};
		4F339FC9296AAD80005656B7 /* FirebaseAppDistribution-Beta */ = {
			isa = XCSwiftPackageProductDependency;
			package = 4F339FBE296AAD80005656B7 /* XCRemoteSwiftPackageReference "firebase-ios-sdk" */;
			productName = "FirebaseAppDistribution-Beta";
		};
		4F339FCB296AAD80005656B7 /* FirebaseAuth */ = {
			isa = XCSwiftPackageProductDependency;
			package = 4F339FBE296AAD80005656B7 /* XCRemoteSwiftPackageReference "firebase-ios-sdk" */;
			productName = FirebaseAuth;
		};
		4F339FCD296AAD80005656B7 /* FirebaseAuthCombine-Community */ = {
			isa = XCSwiftPackageProductDependency;
			package = 4F339FBE296AAD80005656B7 /* XCRemoteSwiftPackageReference "firebase-ios-sdk" */;
			productName = "FirebaseAuthCombine-Community";
		};
		4F339FCF296AAD80005656B7 /* FirebaseCrashlytics */ = {
			isa = XCSwiftPackageProductDependency;
			package = 4F339FBE296AAD80005656B7 /* XCRemoteSwiftPackageReference "firebase-ios-sdk" */;
			productName = FirebaseCrashlytics;
		};
		4F339FD1296AAD80005656B7 /* FirebaseDatabase */ = {
			isa = XCSwiftPackageProductDependency;
			package = 4F339FBE296AAD80005656B7 /* XCRemoteSwiftPackageReference "firebase-ios-sdk" */;
			productName = FirebaseDatabase;
		};
		4F339FD3296AAD80005656B7 /* FirebaseDatabaseSwift */ = {
			isa = XCSwiftPackageProductDependency;
			package = 4F339FBE296AAD80005656B7 /* XCRemoteSwiftPackageReference "firebase-ios-sdk" */;
			productName = FirebaseDatabaseSwift;
		};
		4F339FD5296AAD80005656B7 /* FirebaseDynamicLinks */ = {
			isa = XCSwiftPackageProductDependency;
			package = 4F339FBE296AAD80005656B7 /* XCRemoteSwiftPackageReference "firebase-ios-sdk" */;
			productName = FirebaseDynamicLinks;
		};
		4F339FD7296AAD80005656B7 /* FirebaseFirestore */ = {
			isa = XCSwiftPackageProductDependency;
			package = 4F339FBE296AAD80005656B7 /* XCRemoteSwiftPackageReference "firebase-ios-sdk" */;
			productName = FirebaseFirestore;
		};
		4F339FD9296AAD80005656B7 /* FirebaseFirestoreCombine-Community */ = {
			isa = XCSwiftPackageProductDependency;
			package = 4F339FBE296AAD80005656B7 /* XCRemoteSwiftPackageReference "firebase-ios-sdk" */;
			productName = "FirebaseFirestoreCombine-Community";
		};
		4F339FDB296AAD80005656B7 /* FirebaseFirestoreSwift */ = {
			isa = XCSwiftPackageProductDependency;
			package = 4F339FBE296AAD80005656B7 /* XCRemoteSwiftPackageReference "firebase-ios-sdk" */;
			productName = FirebaseFirestoreSwift;
		};
		4F339FDD296AAD80005656B7 /* FirebaseFunctions */ = {
			isa = XCSwiftPackageProductDependency;
			package = 4F339FBE296AAD80005656B7 /* XCRemoteSwiftPackageReference "firebase-ios-sdk" */;
			productName = FirebaseFunctions;
		};
		4F339FDF296AAD80005656B7 /* FirebaseFunctionsCombine-Community */ = {
			isa = XCSwiftPackageProductDependency;
			package = 4F339FBE296AAD80005656B7 /* XCRemoteSwiftPackageReference "firebase-ios-sdk" */;
			productName = "FirebaseFunctionsCombine-Community";
		};
		4F339FE1296AAD80005656B7 /* FirebaseInAppMessaging-Beta */ = {
			isa = XCSwiftPackageProductDependency;
			package = 4F339FBE296AAD80005656B7 /* XCRemoteSwiftPackageReference "firebase-ios-sdk" */;
			productName = "FirebaseInAppMessaging-Beta";
		};
		4F339FE3296AAD80005656B7 /* FirebaseInAppMessagingSwift-Beta */ = {
			isa = XCSwiftPackageProductDependency;
			package = 4F339FBE296AAD80005656B7 /* XCRemoteSwiftPackageReference "firebase-ios-sdk" */;
			productName = "FirebaseInAppMessagingSwift-Beta";
		};
		4F339FE5296AAD80005656B7 /* FirebaseInstallations */ = {
			isa = XCSwiftPackageProductDependency;
			package = 4F339FBE296AAD80005656B7 /* XCRemoteSwiftPackageReference "firebase-ios-sdk" */;
			productName = FirebaseInstallations;
		};
		4F339FE7296AAD80005656B7 /* FirebaseMLModelDownloader */ = {
			isa = XCSwiftPackageProductDependency;
			package = 4F339FBE296AAD80005656B7 /* XCRemoteSwiftPackageReference "firebase-ios-sdk" */;
			productName = FirebaseMLModelDownloader;
		};
		4F339FE9296AAD80005656B7 /* FirebaseMessaging */ = {
			isa = XCSwiftPackageProductDependency;
			package = 4F339FBE296AAD80005656B7 /* XCRemoteSwiftPackageReference "firebase-ios-sdk" */;
			productName = FirebaseMessaging;
		};
		4F339FEB296AAD80005656B7 /* FirebasePerformance */ = {
			isa = XCSwiftPackageProductDependency;
			package = 4F339FBE296AAD80005656B7 /* XCRemoteSwiftPackageReference "firebase-ios-sdk" */;
			productName = FirebasePerformance;
		};
		4F339FED296AAD80005656B7 /* FirebaseRemoteConfig */ = {
			isa = XCSwiftPackageProductDependency;
			package = 4F339FBE296AAD80005656B7 /* XCRemoteSwiftPackageReference "firebase-ios-sdk" */;
			productName = FirebaseRemoteConfig;
		};
		4F339FEF296AAD80005656B7 /* FirebaseRemoteConfigSwift */ = {
			isa = XCSwiftPackageProductDependency;
			package = 4F339FBE296AAD80005656B7 /* XCRemoteSwiftPackageReference "firebase-ios-sdk" */;
			productName = FirebaseRemoteConfigSwift;
		};
		4F339FF1296AAD80005656B7 /* FirebaseStorage */ = {
			isa = XCSwiftPackageProductDependency;
			package = 4F339FBE296AAD80005656B7 /* XCRemoteSwiftPackageReference "firebase-ios-sdk" */;
			productName = FirebaseStorage;
		};
		4F339FF3296AAD80005656B7 /* FirebaseStorageCombine-Community */ = {
			isa = XCSwiftPackageProductDependency;
			package = 4F339FBE296AAD80005656B7 /* XCRemoteSwiftPackageReference "firebase-ios-sdk" */;
			productName = "FirebaseStorageCombine-Community";
		};
/* End XCSwiftPackageProductDependency section */
	};
	rootObject = 4F339F81296A9AD3005656B7 /* Project object */;
}
